Microsoft Visual Studio Solution File, Format Version 12.00
# Visual Studio Version 17
VisualStudioVersion = 17.5.2.0
MinimumVisualStudioVersion = 10.0.40219.1
Project("{FAE04EC0-301F-11D3-BF4B-00C04F79EFBC}") = "Jailgame", "Jailgame.csproj", "{AEDFF196-26BE-8670-3C47-44D4E4271302}"
EndProject
Global
	GlobalSection(SolutionConfigurationPlatforms) = preSolution
		Debug|Any CPU = Debug|Any CPU
		Release|Any CPU = Release|Any CPU
	EndGlobalSection
	GlobalSection(ProjectConfigurationPlatforms) = postSolution
		{AEDFF196-26BE-8670-3C47-44D4E4271302}.Debug|Any CPU.ActiveCfg = Debug|Any CPU
		{AEDFF196-26BE-8670-3C47-44D4E4271302}.Debug|Any CPU.Build.0 = Debug|Any CPU
		{AEDFF196-26BE-8670-3C47-44D4E4271302}.Release|Any CPU.ActiveCfg = Release|Any CPU
		{AEDFF196-26BE-8670-3C47-44D4E4271302}.Release|Any CPU.Build.0 = Release|Any CPU
	EndGlobalSection
	GlobalSection(SolutionProperties) = preSolution
		HideSolutionNode = FALSE
	EndGlobalSection
	GlobalSection(ExtensibilityGlobals) = postSolution
		SolutionGuid = {6D2E0E9B-38F3-4E0B-9F47-2946BC56C005}
	EndGlobalSection
EndGlobal
